// !$*UTF8*$!
{
	archiveVersion = 1;
	classes = {
	};
	objectVersion = 48;
	objects = {

/* Begin PBXBuildFile section */
		960F5DAD1FD0B11800D3A527 /* main.swift in Sources */ = {isa = PBXBuildFile; fileRef = 960F5DAC1FD0B11800D3A527 /* main.swift */; };
		960F5DB41FD0B13200D3A527 /* Player.swift in Sources */ = {isa = PBXBuildFile; fileRef = 960F5DB31FD0B13200D3A527 /* Player.swift */; };
		960F5DB61FD0B3A600D3A527 /* Game.swift in Sources */ = {isa = PBXBuildFile; fileRef = 960F5DB51FD0B3A600D3A527 /* Game.swift */; };
		960F5DB91FD0B51600D3A527 /* Weapon.swift in Sources */ = {isa = PBXBuildFile; fileRef = 960F5DB81FD0B51600D3A527 /* Weapon.swift */; };
		960F5DBB1FD17B8A00D3A527 /* Sword.swift in Sources */ = {isa = PBXBuildFile; fileRef = 960F5DBA1FD17B8A00D3A527 /* Sword.swift */; };
		960F5DBD1FD17BC400D3A527 /* MagicWand.swift in Sources */ = {isa = PBXBuildFile; fileRef = 960F5DBC1FD17BC400D3A527 /* MagicWand.swift */; };
		960F5DBF1FD17C0F00D3A527 /* HandFight.swift in Sources */ = {isa = PBXBuildFile; fileRef = 960F5DBE1FD17C0F00D3A527 /* HandFight.swift */; };
		960F5DC31FD17C7700D3A527 /* Axe.swift in Sources */ = {isa = PBXBuildFile; fileRef = 960F5DC21FD17C7700D3A527 /* Axe.swift */; };
		960F5DC71FD17DAF00D3A527 /* Character.swift in Sources */ = {isa = PBXBuildFile; fileRef = 960F5DC61FD17DAF00D3A527 /* Character.swift */; };
		960F5DC91FD17E4D00D3A527 /* Fighter.swift in Sources */ = {isa = PBXBuildFile; fileRef = 960F5DC81FD17E4D00D3A527 /* Fighter.swift */; };
		960F5DCB1FD17EDF00D3A527 /* Magus.swift in Sources */ = {isa = PBXBuildFile; fileRef = 960F5DCA1FD17EDF00D3A527 /* Magus.swift */; };
		960F5DCD1FD17FF300D3A527 /* Giant.swift in Sources */ = {isa = PBXBuildFile; fileRef = 960F5DCC1FD17FF300D3A527 /* Giant.swift */; };
		960F5DCF1FD1813300D3A527 /* Dwarf.swift in Sources */ = {isa = PBXBuildFile; fileRef = 960F5DCE1FD1813300D3A527 /* Dwarf.swift */; };
		963A4AF81FD848F400C59848 /* GiftSurprise.swift in Sources */ = {isa = PBXBuildFile; fileRef = 963A4AF71FD848F400C59848 /* GiftSurprise.swift */; };
/* End PBXBuildFile section */

/* Begin PBXCopyFilesBuildPhase section */
		960F5DA71FD0B11800D3A527 /* CopyFiles */ = {
			isa = PBXCopyFilesBuildPhase;
			buildActionMask = 2147483647;
			dstPath = /usr/share/man/man1/;
			dstSubfolderSpec = 0;
			files = (
			);
			runOnlyForDeploymentPostprocessing = 1;
		};
/* End PBXCopyFilesBuildPhase section */

/* Begin PBXFileReference section */
		960F5DA91FD0B11800D3A527 /* P3SwiftGame */ = {isa = PBXFileReference; explicitFileType = "compiled.mach-o.executable"; includeInIndex = 0; path = P3SwiftGame; sourceTree = BUILT_PRODUCTS_DIR; };
		960F5DAC1FD0B11800D3A527 /* main.swift */ = {isa = PBXFileReference; lastKnownFileType = sourcecode.swift; path = main.swift; sourceTree = "<group>"; };
		960F5DB31FD0B13200D3A527 /* Player.swift */ = {isa = PBXFileReference; lastKnownFileType = sourcecode.swift; path = Player.swift; sourceTree = "<group>"; };
		960F5DB51FD0B3A600D3A527 /* Game.swift */ = {isa = PBXFileReference; lastKnownFileType = sourcecode.swift; path = Game.swift; sourceTree = "<group>"; };
		960F5DB81FD0B51600D3A527 /* Weapon.swift */ = {isa = PBXFileReference; lastKnownFileType = sourcecode.swift; path = Weapon.swift; sourceTree = "<group>"; };
		960F5DBA1FD17B8A00D3A527 /* Sword.swift */ = {isa = PBXFileReference; lastKnownFileType = sourcecode.swift; path = Sword.swift; sourceTree = "<group>"; };
		960F5DBC1FD17BC400D3A527 /* MagicWand.swift */ = {isa = PBXFileReference; lastKnownFileType = sourcecode.swift; path = MagicWand.swift; sourceTree = "<group>"; };
		960F5DBE1FD17C0F00D3A527 /* HandFight.swift */ = {isa = PBXFileReference; lastKnownFileType = sourcecode.swift; path = HandFight.swift; sourceTree = "<group>"; };
		960F5DC21FD17C7700D3A527 /* Axe.swift */ = {isa = PBXFileReference; lastKnownFileType = sourcecode.swift; path = Axe.swift; sourceTree = "<group>"; };
		960F5DC61FD17DAF00D3A527 /* Character.swift */ = {isa = PBXFileReference; lastKnownFileType = sourcecode.swift; path = Character.swift; sourceTree = "<group>"; };
		960F5DC81FD17E4D00D3A527 /* Fighter.swift */ = {isa = PBXFileReference; lastKnownFileType = sourcecode.swift; path = Fighter.swift; sourceTree = "<group>"; };
		960F5DCA1FD17EDF00D3A527 /* Magus.swift */ = {isa = PBXFileReference; lastKnownFileType = sourcecode.swift; path = Magus.swift; sourceTree = "<group>"; };
		960F5DCC1FD17FF300D3A527 /* Giant.swift */ = {isa = PBXFileReference; lastKnownFileType = sourcecode.swift; path = Giant.swift; sourceTree = "<group>"; };
		960F5DCE1FD1813300D3A527 /* Dwarf.swift */ = {isa = PBXFileReference; lastKnownFileType = sourcecode.swift; path = Dwarf.swift; sourceTree = "<group>"; };
		963A4AF71FD848F400C59848 /* GiftSurprise.swift */ = {isa = PBXFileReference; lastKnownFileType = sourcecode.swift; path = GiftSurprise.swift; sourceTree = "<group>"; };
/* End PBXFileReference section */

/* Begin PBXFrameworksBuildPhase section */
		960F5DA61FD0B11800D3A527 /* Frameworks */ = {
			isa = PBXFrameworksBuildPhase;
			buildActionMask = 2147483647;
			files = (
			);
			runOnlyForDeploymentPostprocessing = 0;
		};
/* End PBXFrameworksBuildPhase section */

/* Begin PBXGroup section */
		960F5DA01FD0B11800D3A527 = {
			isa = PBXGroup;
			children = (
				960F5DAB1FD0B11800D3A527 /* P3SwiftGame */,
				960F5DAA1FD0B11800D3A527 /* Products */,
			);
			sourceTree = "<group>";
		};
		960F5DAA1FD0B11800D3A527 /* Products */ = {
			isa = PBXGroup;
			children = (
				960F5DA91FD0B11800D3A527 /* P3SwiftGame */,
			);
			name = Products;
			sourceTree = "<group>";
		};
		960F5DAB1FD0B11800D3A527 /* P3SwiftGame */ = {
			isa = PBXGroup;
			children = (
				960F5DAC1FD0B11800D3A527 /* main.swift */,
				960F5DB31FD0B13200D3A527 /* Player.swift */,
				960F5DB51FD0B3A600D3A527 /* Game.swift */,
				960F5DD21FD183E900D3A527 /* Characters */,
				960F5DB71FD0B4E600D3A527 /* Weapons */,
			);
			path = P3SwiftGame;
			sourceTree = "<group>";
		};
		960F5DB71FD0B4E600D3A527 /* Weapons */ = {
			isa = PBXGroup;
			children = (
				963A4AF71FD848F400C59848 /* GiftSurprise.swift */,
				960F5DB81FD0B51600D3A527 /* Weapon.swift */,
				960F5DBA1FD17B8A00D3A527 /* Sword.swift */,
				960F5DBC1FD17BC400D3A527 /* MagicWand.swift */,
				960F5DBE1FD17C0F00D3A527 /* HandFight.swift */,
				960F5DC21FD17C7700D3A527 /* Axe.swift */,
			);
			name = Weapons;
			sourceTree = "<group>";
		};
		960F5DD21FD183E900D3A527 /* Characters */ = {
			isa = PBXGroup;
			children = (
				960F5DC61FD17DAF00D3A527 /* Character.swift */,
				960F5DC81FD17E4D00D3A527 /* Fighter.swift */,
				960F5DCA1FD17EDF00D3A527 /* Magus.swift */,
				960F5DCC1FD17FF300D3A527 /* Giant.swift */,
				960F5DCE1FD1813300D3A527 /* Dwarf.swift */,
			);
			name = Characters;
			sourceTree = "<group>";
		};
/* End PBXGroup section */

/* Begin PBXNativeTarget section */
		960F5DA81FD0B11800D3A527 /* P3SwiftGame */ = {
			isa = PBXNativeTarget;
			buildConfigurationList = 960F5DB01FD0B11800D3A527 /* Build configuration list for PBXNativeTarget "P3SwiftGame" */;
			buildPhases = (
				960F5DA51FD0B11800D3A527 /* Sources */,
				960F5DA61FD0B11800D3A527 /* Frameworks */,
				960F5DA71FD0B11800D3A527 /* CopyFiles */,
			);
			buildRules = (
			);
			dependencies = (
			);
			name = P3SwiftGame;
			productName = P3SwiftGame;
			productReference = 960F5DA91FD0B11800D3A527 /* P3SwiftGame */;
			productType = "com.apple.product-type.tool";
		};
/* End PBXNativeTarget section */

/* Begin PBXProject section */
		960F5DA11FD0B11800D3A527 /* Project object */ = {
			isa = PBXProject;
			attributes = {
				LastSwiftUpdateCheck = 0910;
				LastUpgradeCheck = 0910;
				ORGANIZATIONNAME = Mylene;
				TargetAttributes = {
					960F5DA81FD0B11800D3A527 = {
						CreatedOnToolsVersion = 9.1;
						ProvisioningStyle = Automatic;
					};
				};
			};
			buildConfigurationList = 960F5DA41FD0B11800D3A527 /* Build configuration list for PBXProject "P3SwiftGame" */;
			compatibilityVersion = "Xcode 8.0";
			developmentRegion = en;
			hasScannedForEncodings = 0;
			knownRegions = (
				en,
			);
			mainGroup = 960F5DA01FD0B11800D3A527;
			productRefGroup = 960F5DAA1FD0B11800D3A527 /* Products */;
			projectDirPath = "";
			projectRoot = "";
			targets = (
				960F5DA81FD0B11800D3A527 /* P3SwiftGame */,
			);
		};
/* End PBXProject section */

/* Begin PBXSourcesBuildPhase section */
		960F5DA51FD0B11800D3A527 /* Sources */ = {
			isa = PBXSourcesBuildPhase;
			buildActionMask = 2147483647;
			files = (
				960F5DC71FD17DAF00D3A527 /* Character.swift in Sources */,
				960F5DCD1FD17FF300D3A527 /* Giant.swift in Sources */,
				960F5DC91FD17E4D00D3A527 /* Fighter.swift in Sources */,
				960F5DBB1FD17B8A00D3A527 /* Sword.swift in Sources */,
				960F5DBD1FD17BC400D3A527 /* MagicWand.swift in Sources */,
				960F5DC31FD17C7700D3A527 /* Axe.swift in Sources */,
				960F5DCB1FD17EDF00D3A527 /* Magus.swift in Sources */,
				960F5DCF1FD1813300D3A527 /* Dwarf.swift in Sources */,
				960F5DB41FD0B13200D3A527 /* Player.swift in Sources */,
				960F5DBF1FD17C0F00D3A527 /* HandFight.swift in Sources */,
				960F5DB91FD0B51600D3A527 /* Weapon.swift in Sources */,
				960F5DB61FD0B3A600D3A527 /* Game.swift in Sources */,
				963A4AF81FD848F400C59848 /* GiftSurprise.swift in Sources */,
				960F5DAD1FD0B11800D3A527 /* main.swift in Sources */,
			);
			runOnlyForDeploymentPostprocessing = 0;
		};
/* End PBXSourcesBuildPhase section */

/* Begin XCBuildConfiguration section */
		960F5DAE1FD0B11800D3A527 /* Debug */ = {
			isa = XCBuildConfiguration;
			buildSettings = {
				ALWAYS_SEARCH_USER_PATHS = NO;
				CLANG_ANALYZER_NONNULL = YES;
				CLANG_ANALYZER_NUMBER_OBJECT_CONVERSION = YES_AGGRESSIVE;
				CLANG_CXX_LANGUAGE_STANDARD = "gnu++14";
				CLANG_CXX_LIBRARY = "libc++";
				CLANG_ENABLE_MODULES = YES;
				CLANG_ENABLE_OBJC_ARC = YES;
				CLANG_WARN_BLOCK_CAPTURE_AUTORELEASING = YES;
				CLANG_WARN_BOOL_CONVERSION = YES;
				CLANG_WARN_COMMA = YES;
				CLANG_WARN_CONSTANT_CONVERSION = YES;
				CLANG_WARN_DIRECT_OBJC_ISA_USAGE = YES_ERROR;
				CLANG_WARN_DOCUMENTATION_COMMENTS = YES;
				CLANG_WARN_EMPTY_BODY = YES;
				CLANG_WARN_ENUM_CONVERSION = YES;
				CLANG_WARN_INFINITE_RECURSION = YES;
				CLANG_WARN_INT_CONVERSION = YES;
				CLANG_WARN_NON_LITERAL_NULL_CONVERSION = YES;
				CLANG_WARN_OBJC_LITERAL_CONVERSION = YES;
				CLANG_WARN_OBJC_ROOT_CLASS = YES_ERROR;
				CLANG_WARN_RANGE_LOOP_ANALYSIS = YES;
				CLANG_WARN_STRICT_PROTOTYPES = YES;
				CLANG_WARN_SUSPICIOUS_MOVE = YES;
				CLANG_WARN_UNGUARDED_AVAILABILITY = YES_AGGRESSIVE;
				CLANG_WARN_UNREACHABLE_CODE = YES;
				CLANG_WARN__DUPLICATE_METHOD_MATCH = YES;
				CODE_SIGN_IDENTITY = "-";
				COPY_PHASE_STRIP = NO;
				DEBUG_INFORMATION_FORMAT = dwarf;
				ENABLE_STRICT_OBJC_MSGSEND = YES;
				ENABLE_TESTABILITY = YES;
				GCC_C_LANGUAGE_STANDARD = gnu11;
				GCC_DYNAMIC_NO_PIC = NO;
				GCC_NO_COMMON_BLOCKS = YES;
				GCC_OPTIMIZATION_LEVEL = 0;
				GCC_PREPROCESSOR_DEFINITIONS = (
					"DEBUG=1",
					"$(inherited)",
				);
				GCC_WARN_64_TO_32_BIT_CONVERSION = YES;
				GCC_WARN_ABOUT_RETURN_TYPE = YES_ERROR;
				GCC_WARN_UNDECLARED_SELECTOR = YES;
				GCC_WARN_UNINITIALIZED_AUTOS = YES_AGGRESSIVE;
				GCC_WARN_UNUSED_FUNCTION = YES;
				GCC_WARN_UNUSED_VARIABLE = YES;
				MACOSX_DEPLOYMENT_TARGET = 10.13;
				MTL_ENABLE_DEBUG_INFO = YES;
				ONLY_ACTIVE_ARCH = YES;
				SDKROOT = macosx;
				SWIFT_ACTIVE_COMPILATION_CONDITIONS = DEBUG;
				SWIFT_OPTIMIZATION_LEVEL = "-Onone";
			};
			name = Debug;
		};
		960F5DAF1FD0B11800D3A527 /* Release */ = {
			isa = XCBuildConfiguration;
			buildSettings = {
				ALWAYS_SEARCH_USER_PATHS = NO;
				CLANG_ANALYZER_NONNULL = YES;
				CLANG_ANALYZER_NUMBER_OBJECT_CONVERSION = YES_AGGRESSIVE;
				CLANG_CXX_LANGUAGE_STANDARD = "gnu++14";
				CLANG_CXX_LIBRARY = "libc++";
				CLANG_ENABLE_MODULES = YES;
				CLANG_ENABLE_OBJC_ARC = YES;
				CLANG_WARN_BLOCK_CAPTURE_AUTORELEASING = YES;
				CLANG_WARN_BOOL_CONVERSION = YES;
				CLANG_WARN_COMMA = YES;
				CLANG_WARN_CONSTANT_CONVERSION = YES;
				CLANG_WARN_DIRECT_OBJC_ISA_USAGE = YES_ERROR;
				CLANG_WARN_DOCUMENTATION_COMMENTS = YES;
				CLANG_WARN_EMPTY_BODY = YES;
				CLANG_WARN_ENUM_CONVERSION = YES;
				CLANG_WARN_INFINITE_RECURSION = YES;
				CLANG_WARN_INT_CONVERSION = YES;
				CLANG_WARN_NON_LITERAL_NULL_CONVERSION = YES;
				CLANG_WARN_OBJC_LITERAL_CONVERSION = YES;
				CLANG_WARN_OBJC_ROOT_CLASS = YES_ERROR;
				CLANG_WARN_RANGE_LOOP_ANALYSIS = YES;
				CLANG_WARN_STRICT_PROTOTYPES = YES;
				CLANG_WARN_SUSPICIOUS_MOVE = YES;
				CLANG_WARN_UNGUARDED_AVAILABILITY = YES_AGGRESSIVE;
				CLANG_WARN_UNREACHABLE_CODE = YES;
				CLANG_WARN__DUPLICATE_METHOD_MATCH = YES;
				CODE_SIGN_IDENTITY = "-";
				COPY_PHASE_STRIP = NO;
				DEBUG_INFORMATION_FORMAT = "dwarf-with-dsym";
				ENABLE_NS_ASSERTIONS = NO;
				ENABLE_STRICT_OBJC_MSGSEND = YES;
				GCC_C_LANGUAGE_STANDARD = gnu11;
				GCC_NO_COMMON_BLOCKS = YES;
				GCC_WARN_64_TO_32_BIT_CONVERSION = YES;
				GCC_WARN_ABOUT_RETURN_TYPE = YES_ERROR;
				GCC_WARN_UNDECLARED_SELECTOR = YES;
				GCC_WARN_UNINITIALIZED_AUTOS = YES_AGGRESSIVE;
				GCC_WARN_UNUSED_FUNCTION = YES;
				GCC_WARN_UNUSED_VARIABLE = YES;
				MACOSX_DEPLOYMENT_TARGET = 10.13;
				MTL_ENABLE_DEBUG_INFO = NO;
				SDKROOT = macosx;
				SWIFT_OPTIMIZATION_LEVEL = "-Owholemodule";
			};
			name = Release;
		};
		960F5DB11FD0B11800D3A527 /* Debug */ = {
			isa = XCBuildConfiguration;
			buildSettings = {
				CODE_SIGN_STYLE = Automatic;
				PRODUCT_NAME = "$(TARGET_NAME)";
				SWIFT_VERSION = 4.0;
			};
			name = Debug;
		};
		960F5DB21FD0B11800D3A527 /* Release */ = {
			isa = XCBuildConfiguration;
			buildSettings = {
				CODE_SIGN_STYLE = Automatic;
				PRODUCT_NAME = "$(TARGET_NAME)";
				SWIFT_VERSION = 4.0;
			};
			name = Release;
		};
/* End XCBuildConfiguration section */

/* Begin XCConfigurationList section */
		960F5DA41FD0B11800D3A527 /* Build configuration list for PBXProject "P3SwiftGame" */ = {
			isa = XCConfigurationList;
			buildConfigurations = (
				960F5DAE1FD0B11800D3A527 /* Debug */,
				960F5DAF1FD0B11800D3A527 /* Release */,
			);
			defaultConfigurationIsVisible = 0;
			defaultConfigurationName = Release;
		};
		960F5DB01FD0B11800D3A527 /* Build configuration list for PBXNativeTarget "P3SwiftGame" */ = {
			isa = XCConfigurationList;
			buildConfigurations = (
				960F5DB11FD0B11800D3A527 /* Debug */,
				960F5DB21FD0B11800D3A527 /* Release */,
			);
			defaultConfigurationIsVisible = 0;
			defaultConfigurationName = Release;
		};
/* End XCConfigurationList section */
	};
	rootObject = 960F5DA11FD0B11800D3A527 /* Project object */;
}
